// !$*UTF8*$!
{
	archiveVersion = 1;
	classes = {
	};
	objectVersion = 56;
	objects = {

/* Begin PBXBuildFile section */
		03D45DC0538BCCF4AED73DEE /* Pods_tea.framework in Frameworks */ = {isa = PBXBuildFile; fileRef = F87E7A5771C8AC2AF89B935E /* Pods_tea.framework */; };
		F43F55172901A7CD00FC646A /* API.swift in Sources */ = {isa = PBXBuildFile; fileRef = F43F55162901A7CD00FC646A /* API.swift */; };
		F43F551A2901A83600FC646A /* homeView.swift in Sources */ = {isa = PBXBuildFile; fileRef = F43F55192901A83600FC646A /* homeView.swift */; };
		F47DA4DF2901AD84009EE4FE /* Chip.swift in Sources */ = {isa = PBXBuildFile; fileRef = F47DA4DE2901AD84009EE4FE /* Chip.swift */; };
		F47DA4E22901B8A7009EE4FE /* Collections in Frameworks */ = {isa = PBXBuildFile; productRef = F47DA4E12901B8A7009EE4FE /* Collections */; };
		F47DA4E42901B8A7009EE4FE /* OrderedCollections in Frameworks */ = {isa = PBXBuildFile; productRef = F47DA4E32901B8A7009EE4FE /* OrderedCollections */; };
		F47DA4E72901B951009EE4FE /* NewsView.swift in Sources */ = {isa = PBXBuildFile; fileRef = F47DA4E62901B951009EE4FE /* NewsView.swift */; };
		F47DA4E92901C02D009EE4FE /* NetworkClient.swift in Sources */ = {isa = PBXBuildFile; fileRef = F47DA4E82901C02D009EE4FE /* NetworkClient.swift */; };
		F47DA4EC2901C777009EE4FE /* News.swift in Sources */ = {isa = PBXBuildFile; fileRef = F47DA4EB2901C777009EE4FE /* News.swift */; };
		F47DA4EE2901C805009EE4FE /* NewsItem.swift in Sources */ = {isa = PBXBuildFile; fileRef = F47DA4ED2901C805009EE4FE /* NewsItem.swift */; };
		F47DA4F029025C10009EE4FE /* AuthServicesProtocol.swift in Sources */ = {isa = PBXBuildFile; fileRef = F47DA4EF29025C10009EE4FE /* AuthServicesProtocol.swift */; };
		F47DA4F229025C8F009EE4FE /* AuthPresenter.swift in Sources */ = {isa = PBXBuildFile; fileRef = F47DA4F129025C8F009EE4FE /* AuthPresenter.swift */; };
		F47DA4F429025DCF009EE4FE /* AuthServices.swift in Sources */ = {isa = PBXBuildFile; fileRef = F47DA4F329025DCF009EE4FE /* AuthServices.swift */; };
		F47DA4F629026214009EE4FE /* AuthStore.swift in Sources */ = {isa = PBXBuildFile; fileRef = F47DA4F529026214009EE4FE /* AuthStore.swift */; };
		F47DA4F82902DF1A009EE4FE /* NewsServicesProtocol.swift in Sources */ = {isa = PBXBuildFile; fileRef = F47DA4F72902DF19009EE4FE /* NewsServicesProtocol.swift */; };
		F47DA4FA2902DF73009EE4FE /* NewsServices.swift in Sources */ = {isa = PBXBuildFile; fileRef = F47DA4F92902DF73009EE4FE /* NewsServices.swift */; };
		F47DA4FC2902E0FC009EE4FE /* NewsPresenter.swift in Sources */ = {isa = PBXBuildFile; fileRef = F47DA4FB2902E0FC009EE4FE /* NewsPresenter.swift */; };
		F47DA4FE2902E31A009EE4FE /* NewsStore.swift in Sources */ = {isa = PBXBuildFile; fileRef = F47DA4FD2902E31A009EE4FE /* NewsStore.swift */; };
		F4A7E13B2900F86A00B8AA2F /* teaApp.swift in Sources */ = {isa = PBXBuildFile; fileRef = F4A7E13A2900F86A00B8AA2F /* teaApp.swift */; };
		F4A7E13D2900F86A00B8AA2F /* ContentView.swift in Sources */ = {isa = PBXBuildFile; fileRef = F4A7E13C2900F86A00B8AA2F /* ContentView.swift */; };
		F4A7E13F2900F86E00B8AA2F /* Assets.xcassets in Resources */ = {isa = PBXBuildFile; fileRef = F4A7E13E2900F86E00B8AA2F /* Assets.xcassets */; };
		F4A7E1422900F86E00B8AA2F /* Preview Assets.xcassets in Resources */ = {isa = PBXBuildFile; fileRef = F4A7E1412900F86E00B8AA2F /* Preview Assets.xcassets */; };
		F4A7E14B290185E600B8AA2F /* LoginView.swift in Sources */ = {isa = PBXBuildFile; fileRef = F4A7E14A290185E600B8AA2F /* LoginView.swift */; };
		F4A7E14E29018B3200B8AA2F /* Extensions.swift in Sources */ = {isa = PBXBuildFile; fileRef = F4A7E14D29018B3200B8AA2F /* Extensions.swift */; };
/* End PBXBuildFile section */

/* Begin PBXFileReference section */
		0111144DB3A2345F64747640 /* Pods-tea.debug.xcconfig */ = {isa = PBXFileReference; includeInIndex = 1; lastKnownFileType = text.xcconfig; name = "Pods-tea.debug.xcconfig"; path = "Target Support Files/Pods-tea/Pods-tea.debug.xcconfig"; sourceTree = "<group>"; };
		C2E8C27B13364C7834B158CB /* Pods-tea.release.xcconfig */ = {isa = PBXFileReference; includeInIndex = 1; lastKnownFileType = text.xcconfig; name = "Pods-tea.release.xcconfig"; path = "Target Support Files/Pods-tea/Pods-tea.release.xcconfig"; sourceTree = "<group>"; };
		F43F55162901A7CD00FC646A /* API.swift */ = {isa = PBXFileReference; lastKnownFileType = sourcecode.swift; path = API.swift; sourceTree = "<group>"; };
		F43F55192901A83600FC646A /* homeView.swift */ = {isa = PBXFileReference; lastKnownFileType = sourcecode.swift; path = homeView.swift; sourceTree = "<group>"; };
		F47DA4DE2901AD84009EE4FE /* Chip.swift */ = {isa = PBXFileReference; lastKnownFileType = sourcecode.swift; path = Chip.swift; sourceTree = "<group>"; };
		F47DA4E62901B951009EE4FE /* NewsView.swift */ = {isa = PBXFileReference; lastKnownFileType = sourcecode.swift; path = NewsView.swift; sourceTree = "<group>"; };
		F47DA4E82901C02D009EE4FE /* NetworkClient.swift */ = {isa = PBXFileReference; lastKnownFileType = sourcecode.swift; path = NetworkClient.swift; sourceTree = "<group>"; };
		F47DA4EB2901C777009EE4FE /* News.swift */ = {isa = PBXFileReference; lastKnownFileType = sourcecode.swift; path = News.swift; sourceTree = "<group>"; };
		F47DA4ED2901C805009EE4FE /* NewsItem.swift */ = {isa = PBXFileReference; lastKnownFileType = sourcecode.swift; path = NewsItem.swift; sourceTree = "<group>"; };
		F47DA4EF29025C10009EE4FE /* AuthServicesProtocol.swift */ = {isa = PBXFileReference; lastKnownFileType = sourcecode.swift; path = AuthServicesProtocol.swift; sourceTree = "<group>"; };
		F47DA4F129025C8F009EE4FE /* AuthPresenter.swift */ = {isa = PBXFileReference; lastKnownFileType = sourcecode.swift; path = AuthPresenter.swift; sourceTree = "<group>"; };
		F47DA4F329025DCF009EE4FE /* AuthServices.swift */ = {isa = PBXFileReference; lastKnownFileType = sourcecode.swift; path = AuthServices.swift; sourceTree = "<group>"; };
		F47DA4F529026214009EE4FE /* AuthStore.swift */ = {isa = PBXFileReference; lastKnownFileType = sourcecode.swift; path = AuthStore.swift; sourceTree = "<group>"; };
		F47DA4F72902DF19009EE4FE /* NewsServicesProtocol.swift */ = {isa = PBXFileReference; lastKnownFileType = sourcecode.swift; path = NewsServicesProtocol.swift; sourceTree = "<group>"; };
		F47DA4F92902DF73009EE4FE /* NewsServices.swift */ = {isa = PBXFileReference; lastKnownFileType = sourcecode.swift; path = NewsServices.swift; sourceTree = "<group>"; };
		F47DA4FB2902E0FC009EE4FE /* NewsPresenter.swift */ = {isa = PBXFileReference; lastKnownFileType = sourcecode.swift; path = NewsPresenter.swift; sourceTree = "<group>"; };
		F47DA4FD2902E31A009EE4FE /* NewsStore.swift */ = {isa = PBXFileReference; lastKnownFileType = sourcecode.swift; path = NewsStore.swift; sourceTree = "<group>"; };
		F4A7E1372900F86A00B8AA2F /* tea.app */ = {isa = PBXFileReference; explicitFileType = wrapper.application; includeInIndex = 0; path = tea.app; sourceTree = BUILT_PRODUCTS_DIR; };
		F4A7E13A2900F86A00B8AA2F /* teaApp.swift */ = {isa = PBXFileReference; lastKnownFileType = sourcecode.swift; path = teaApp.swift; sourceTree = "<group>"; };
		F4A7E13C2900F86A00B8AA2F /* ContentView.swift */ = {isa = PBXFileReference; lastKnownFileType = sourcecode.swift; path = ContentView.swift; sourceTree = "<group>"; };
		F4A7E13E2900F86E00B8AA2F /* Assets.xcassets */ = {isa = PBXFileReference; lastKnownFileType = folder.assetcatalog; path = Assets.xcassets; sourceTree = "<group>"; };
		F4A7E1412900F86E00B8AA2F /* Preview Assets.xcassets */ = {isa = PBXFileReference; lastKnownFileType = folder.assetcatalog; path = "Preview Assets.xcassets"; sourceTree = "<group>"; };
		F4A7E14A290185E600B8AA2F /* LoginView.swift */ = {isa = PBXFileReference; lastKnownFileType = sourcecode.swift; path = LoginView.swift; sourceTree = "<group>"; };
		F4A7E14D29018B3200B8AA2F /* Extensions.swift */ = {isa = PBXFileReference; lastKnownFileType = sourcecode.swift; path = Extensions.swift; sourceTree = "<group>"; };
		F87E7A5771C8AC2AF89B935E /* Pods_tea.framework */ = {isa = PBXFileReference; explicitFileType = wrapper.framework; includeInIndex = 0; path = Pods_tea.framework; sourceTree = BUILT_PRODUCTS_DIR; };
/* End PBXFileReference section */

/* Begin PBXFrameworksBuildPhase section */
		F4A7E1342900F86A00B8AA2F /* Frameworks */ = {
			isa = PBXFrameworksBuildPhase;
			buildActionMask = 2147483647;
			files = (
				F47DA4E42901B8A7009EE4FE /* OrderedCollections in Frameworks */,
				F47DA4E22901B8A7009EE4FE /* Collections in Frameworks */,
				03D45DC0538BCCF4AED73DEE /* Pods_tea.framework in Frameworks */,
			);
			runOnlyForDeploymentPostprocessing = 0;
		};
/* End PBXFrameworksBuildPhase section */

/* Begin PBXGroup section */
		568805D207139BC028C045D5 /* Pods */ = {
			isa = PBXGroup;
			children = (
				0111144DB3A2345F64747640 /* Pods-tea.debug.xcconfig */,
				C2E8C27B13364C7834B158CB /* Pods-tea.release.xcconfig */,
			);
			path = Pods;
			sourceTree = "<group>";
		};
		7A43DE3A25D30B14FE660E07 /* Frameworks */ = {
			isa = PBXGroup;
			children = (
				F87E7A5771C8AC2AF89B935E /* Pods_tea.framework */,
			);
			name = Frameworks;
			sourceTree = "<group>";
		};
		F43F55182901A82A00FC646A /* Home */ = {
			isa = PBXGroup;
			children = (
				F47DA4EA2901C768009EE4FE /* Models */,
				F47DA4E52901B942009EE4FE /* Pages */,
				F47DA4DD2901AD76009EE4FE /* Custom Views */,
				F43F55192901A83600FC646A /* homeView.swift */,
				F47DA4F72902DF19009EE4FE /* NewsServicesProtocol.swift */,
				F47DA4F92902DF73009EE4FE /* NewsServices.swift */,
				F47DA4FB2902E0FC009EE4FE /* NewsPresenter.swift */,
				F47DA4FD2902E31A009EE4FE /* NewsStore.swift */,
			);
			path = Home;
			sourceTree = "<group>";
		};
		F47DA4DD2901AD76009EE4FE /* Custom Views */ = {
			isa = PBXGroup;
			children = (
				F47DA4DE2901AD84009EE4FE /* Chip.swift */,
				F47DA4ED2901C805009EE4FE /* NewsItem.swift */,
			);
			path = "Custom Views";
			sourceTree = "<group>";
		};
		F47DA4E52901B942009EE4FE /* Pages */ = {
			isa = PBXGroup;
			children = (
				F47DA4E62901B951009EE4FE /* NewsView.swift */,
			);
			path = Pages;
			sourceTree = "<group>";
		};
		F47DA4EA2901C768009EE4FE /* Models */ = {
			isa = PBXGroup;
			children = (
				F47DA4EB2901C777009EE4FE /* News.swift */,
			);
			path = Models;
			sourceTree = "<group>";
		};
		F4A7E12E2900F86A00B8AA2F = {
			isa = PBXGroup;
			children = (
				F4A7E1392900F86A00B8AA2F /* tea */,
				F4A7E1382900F86A00B8AA2F /* Products */,
				568805D207139BC028C045D5 /* Pods */,
				7A43DE3A25D30B14FE660E07 /* Frameworks */,
			);
			sourceTree = "<group>";
		};
		F4A7E1382900F86A00B8AA2F /* Products */ = {
			isa = PBXGroup;
			children = (
				F4A7E1372900F86A00B8AA2F /* tea.app */,
			);
			name = Products;
			sourceTree = "<group>";
		};
		F4A7E1392900F86A00B8AA2F /* tea */ = {
			isa = PBXGroup;
			children = (
				F4A7E13A2900F86A00B8AA2F /* teaApp.swift */,
				F4A7E148290185D100B8AA2F /* Features */,
				F4A7E13C2900F86A00B8AA2F /* ContentView.swift */,
				F4A7E13E2900F86E00B8AA2F /* Assets.xcassets */,
				F4A7E1402900F86E00B8AA2F /* Preview Content */,
				F43F55162901A7CD00FC646A /* API.swift */,
			);
			path = tea;
			sourceTree = "<group>";
		};
		F4A7E1402900F86E00B8AA2F /* Preview Content */ = {
			isa = PBXGroup;
			children = (
				F4A7E1412900F86E00B8AA2F /* Preview Assets.xcassets */,
			);
			path = "Preview Content";
			sourceTree = "<group>";
		};
		F4A7E148290185D100B8AA2F /* Features */ = {
			isa = PBXGroup;
			children = (
				F43F55182901A82A00FC646A /* Home */,
				F4A7E14C29018B2700B8AA2F /* Core */,
				F4A7E149290185D600B8AA2F /* Auth */,
			);
			path = Features;
			sourceTree = "<group>";
		};
		F4A7E149290185D600B8AA2F /* Auth */ = {
			isa = PBXGroup;
			children = (
				F4A7E14A290185E600B8AA2F /* LoginView.swift */,
				F47DA4EF29025C10009EE4FE /* AuthServicesProtocol.swift */,
				F47DA4F129025C8F009EE4FE /* AuthPresenter.swift */,
				F47DA4F329025DCF009EE4FE /* AuthServices.swift */,
				F47DA4F529026214009EE4FE /* AuthStore.swift */,
			);
			path = Auth;
			sourceTree = "<group>";
		};
		F4A7E14C29018B2700B8AA2F /* Core */ = {
			isa = PBXGroup;
			children = (
				F4A7E14D29018B3200B8AA2F /* Extensions.swift */,
				F47DA4E82901C02D009EE4FE /* NetworkClient.swift */,
			);
			path = Core;
			sourceTree = "<group>";
		};
/* End PBXGroup section */

/* Begin PBXNativeTarget section */
		F4A7E1362900F86A00B8AA2F /* tea */ = {
			isa = PBXNativeTarget;
			buildConfigurationList = F4A7E1452900F86E00B8AA2F /* Build configuration list for PBXNativeTarget "tea" */;
			buildPhases = (
				5EE47BFACD5842156904D7D9 /* [CP] Check Pods Manifest.lock */,
				F4A7E1332900F86A00B8AA2F /* Sources */,
				F4A7E1342900F86A00B8AA2F /* Frameworks */,
				F4A7E1352900F86A00B8AA2F /* Resources */,
				BBC3FD2E11FCF96916C41F5B /* [CP] Embed Pods Frameworks */,
			);
			buildRules = (
			);
			dependencies = (
			);
			name = tea;
			packageProductDependencies = (
				F47DA4E12901B8A7009EE4FE /* Collections */,
				F47DA4E32901B8A7009EE4FE /* OrderedCollections */,
			);
			productName = tea;
			productReference = F4A7E1372900F86A00B8AA2F /* tea.app */;
			productType = "com.apple.product-type.application";
		};
/* End PBXNativeTarget section */

/* Begin PBXProject section */
		F4A7E12F2900F86A00B8AA2F /* Project object */ = {
			isa = PBXProject;
			attributes = {
				BuildIndependentTargetsInParallel = 1;
				LastSwiftUpdateCheck = 1400;
				LastUpgradeCheck = 1400;
				TargetAttributes = {
					F4A7E1362900F86A00B8AA2F = {
						CreatedOnToolsVersion = 14.0;
					};
				};
			};
			buildConfigurationList = F4A7E1322900F86A00B8AA2F /* Build configuration list for PBXProject "tea" */;
			compatibilityVersion = "Xcode 14.0";
			developmentRegion = en;
			hasScannedForEncodings = 0;
			knownRegions = (
				en,
				Base,
			);
			mainGroup = F4A7E12E2900F86A00B8AA2F;
			packageReferences = (
				F47DA4E02901B8A7009EE4FE /* XCRemoteSwiftPackageReference "swift-collections" */,
			);
			productRefGroup = F4A7E1382900F86A00B8AA2F /* Products */;
			projectDirPath = "";
			projectRoot = "";
			targets = (
				F4A7E1362900F86A00B8AA2F /* tea */,
			);
		};
/* End PBXProject section */

/* Begin PBXResourcesBuildPhase section */
		F4A7E1352900F86A00B8AA2F /* Resources */ = {
			isa = PBXResourcesBuildPhase;
			buildActionMask = 2147483647;
			files = (
				F4A7E1422900F86E00B8AA2F /* Preview Assets.xcassets in Resources */,
				F4A7E13F2900F86E00B8AA2F /* Assets.xcassets in Resources */,
			);
			runOnlyForDeploymentPostprocessing = 0;
		};
/* End PBXResourcesBuildPhase section */

/* Begin PBXShellScriptBuildPhase section */
		5EE47BFACD5842156904D7D9 /* [CP] Check Pods Manifest.lock */ = {
			isa = PBXShellScriptBuildPhase;
			buildActionMask = 2147483647;
			files = (
			);
			inputFileListPaths = (
			);
			inputPaths = (
				"${PODS_PODFILE_DIR_PATH}/Podfile.lock",
				"${PODS_ROOT}/Manifest.lock",
			);
			name = "[CP] Check Pods Manifest.lock";
			outputFileListPaths = (
			);
			outputPaths = (
				"$(DERIVED_FILE_DIR)/Pods-tea-checkManifestLockResult.txt",
			);
			runOnlyForDeploymentPostprocessing = 0;
			shellPath = /bin/sh;
			shellScript = "diff \"${PODS_PODFILE_DIR_PATH}/Podfile.lock\" \"${PODS_ROOT}/Manifest.lock\" > /dev/null\nif [ $? != 0 ] ; then\n    # print error to STDERR\n    echo \"error: The sandbox is not in sync with the Podfile.lock. Run 'pod install' or update your CocoaPods installation.\" >&2\n    exit 1\nfi\n# This output is used by Xcode 'outputs' to avoid re-running this script phase.\necho \"SUCCESS\" > \"${SCRIPT_OUTPUT_FILE_0}\"\n";
			showEnvVarsInLog = 0;
		};
		BBC3FD2E11FCF96916C41F5B /* [CP] Embed Pods Frameworks */ = {
			isa = PBXShellScriptBuildPhase;
			buildActionMask = 2147483647;
			files = (
			);
			inputFileListPaths = (
				"${PODS_ROOT}/Target Support Files/Pods-tea/Pods-tea-frameworks-${CONFIGURATION}-input-files.xcfilelist",
			);
			name = "[CP] Embed Pods Frameworks";
			outputFileListPaths = (
				"${PODS_ROOT}/Target Support Files/Pods-tea/Pods-tea-frameworks-${CONFIGURATION}-output-files.xcfilelist",
			);
			runOnlyForDeploymentPostprocessing = 0;
			shellPath = /bin/sh;
			shellScript = "\"${PODS_ROOT}/Target Support Files/Pods-tea/Pods-tea-frameworks.sh\"\n";
			showEnvVarsInLog = 0;
		};
/* End PBXShellScriptBuildPhase section */

/* Begin PBXSourcesBuildPhase section */
		F4A7E1332900F86A00B8AA2F /* Sources */ = {
			isa = PBXSourcesBuildPhase;
			buildActionMask = 2147483647;
			files = (
				F4A7E14B290185E600B8AA2F /* LoginView.swift in Sources */,
				F47DA4E72901B951009EE4FE /* NewsView.swift in Sources */,
				F4A7E13D2900F86A00B8AA2F /* ContentView.swift in Sources */,
				F4A7E13B2900F86A00B8AA2F /* teaApp.swift in Sources */,
				F4A7E14E29018B3200B8AA2F /* Extensions.swift in Sources */,
				F47DA4F029025C10009EE4FE /* AuthServicesProtocol.swift in Sources */,
				F47DA4E92901C02D009EE4FE /* NetworkClient.swift in Sources */,
				F47DA4F629026214009EE4FE /* AuthStore.swift in Sources */,
				F47DA4F82902DF1A009EE4FE /* NewsServicesProtocol.swift in Sources */,
				F43F55172901A7CD00FC646A /* API.swift in Sources */,
				F43F551A2901A83600FC646A /* homeView.swift in Sources */,
				F47DA4F429025DCF009EE4FE /* AuthServices.swift in Sources */,
				F47DA4FA2902DF73009EE4FE /* NewsServices.swift in Sources */,
				F47DA4FE2902E31A009EE4FE /* NewsStore.swift in Sources */,
				F47DA4EE2901C805009EE4FE /* NewsItem.swift in Sources */,
				F47DA4EC2901C777009EE4FE /* News.swift in Sources */,
				F47DA4FC2902E0FC009EE4FE /* NewsPresenter.swift in Sources */,
				F47DA4DF2901AD84009EE4FE /* Chip.swift in Sources */,
				F47DA4F229025C8F009EE4FE /* AuthPresenter.swift in Sources */,
			);
			runOnlyForDeploymentPostprocessing = 0;
		};
/* End PBXSourcesBuildPhase section */

/* Begin XCBuildConfiguration section */
		F4A7E1432900F86E00B8AA2F /* Debug */ = {
			isa = XCBuildConfiguration;
			buildSettings = {
				ALWAYS_SEARCH_USER_PATHS = NO;
				CLANG_ANALYZER_NONNULL = YES;
				CLANG_ANALYZER_NUMBER_OBJECT_CONVERSION = YES_AGGRESSIVE;
				CLANG_CXX_LANGUAGE_STANDARD = "gnu++20";
				CLANG_ENABLE_MODULES = YES;
				CLANG_ENABLE_OBJC_ARC = YES;
				CLANG_ENABLE_OBJC_WEAK = YES;
				CLANG_WARN_BLOCK_CAPTURE_AUTORELEASING = YES;
				CLANG_WARN_BOOL_CONVERSION = YES;
				CLANG_WARN_COMMA = YES;
				CLANG_WARN_CONSTANT_CONVERSION = YES;
				CLANG_WARN_DEPRECATED_OBJC_IMPLEMENTATIONS = YES;
				CLANG_WARN_DIRECT_OBJC_ISA_USAGE = YES_ERROR;
				CLANG_WARN_DOCUMENTATION_COMMENTS = YES;
				CLANG_WARN_EMPTY_BODY = YES;
				CLANG_WARN_ENUM_CONVERSION = YES;
				CLANG_WARN_INFINITE_RECURSION = YES;
				CLANG_WARN_INT_CONVERSION = YES;
				CLANG_WARN_NON_LITERAL_NULL_CONVERSION = YES;
				CLANG_WARN_OBJC_IMPLICIT_RETAIN_SELF = YES;
				CLANG_WARN_OBJC_LITERAL_CONVERSION = YES;
				CLANG_WARN_OBJC_ROOT_CLASS = YES_ERROR;
				CLANG_WARN_QUOTED_INCLUDE_IN_FRAMEWORK_HEADER = YES;
				CLANG_WARN_RANGE_LOOP_ANALYSIS = YES;
				CLANG_WARN_STRICT_PROTOTYPES = YES;
				CLANG_WARN_SUSPICIOUS_MOVE = YES;
				CLANG_WARN_UNGUARDED_AVAILABILITY = YES_AGGRESSIVE;
				CLANG_WARN_UNREACHABLE_CODE = YES;
				CLANG_WARN__DUPLICATE_METHOD_MATCH = YES;
				COPY_PHASE_STRIP = NO;
				DEBUG_INFORMATION_FORMAT = dwarf;
				ENABLE_STRICT_OBJC_MSGSEND = YES;
				ENABLE_TESTABILITY = YES;
				GCC_C_LANGUAGE_STANDARD = gnu11;
				GCC_DYNAMIC_NO_PIC = NO;
				GCC_NO_COMMON_BLOCKS = YES;
				GCC_OPTIMIZATION_LEVEL = 0;
				GCC_PREPROCESSOR_DEFINITIONS = (
					"DEBUG=1",
					"$(inherited)",
				);
				GCC_WARN_64_TO_32_BIT_CONVERSION = YES;
				GCC_WARN_ABOUT_RETURN_TYPE = YES_ERROR;
				GCC_WARN_UNDECLARED_SELECTOR = YES;
				GCC_WARN_UNINITIALIZED_AUTOS = YES_AGGRESSIVE;
				GCC_WARN_UNUSED_FUNCTION = YES;
				GCC_WARN_UNUSED_VARIABLE = YES;
				IPHONEOS_DEPLOYMENT_TARGET = 16.0;
				MTL_ENABLE_DEBUG_INFO = INCLUDE_SOURCE;
				MTL_FAST_MATH = YES;
				ONLY_ACTIVE_ARCH = YES;
				SDKROOT = iphoneos;
				SWIFT_ACTIVE_COMPILATION_CONDITIONS = DEBUG;
				SWIFT_OPTIMIZATION_LEVEL = "-Onone";
			};
			name = Debug;
		};
		F4A7E1442900F86E00B8AA2F /* Release */ = {
			isa = XCBuildConfiguration;
			buildSettings = {
				ALWAYS_SEARCH_USER_PATHS = NO;
				CLANG_ANALYZER_NONNULL = YES;
				CLANG_ANALYZER_NUMBER_OBJECT_CONVERSION = YES_AGGRESSIVE;
				CLANG_CXX_LANGUAGE_STANDARD = "gnu++20";
				CLANG_ENABLE_MODULES = YES;
				CLANG_ENABLE_OBJC_ARC = YES;
				CLANG_ENABLE_OBJC_WEAK = YES;
				CLANG_WARN_BLOCK_CAPTURE_AUTORELEASING = YES;
				CLANG_WARN_BOOL_CONVERSION = YES;
				CLANG_WARN_COMMA = YES;
				CLANG_WARN_CONSTANT_CONVERSION = YES;
				CLANG_WARN_DEPRECATED_OBJC_IMPLEMENTATIONS = YES;
				CLANG_WARN_DIRECT_OBJC_ISA_USAGE = YES_ERROR;
				CLANG_WARN_DOCUMENTATION_COMMENTS = YES;
				CLANG_WARN_EMPTY_BODY = YES;
				CLANG_WARN_ENUM_CONVERSION = YES;
				CLANG_WARN_INFINITE_RECURSION = YES;
				CLANG_WARN_INT_CONVERSION = YES;
				CLANG_WARN_NON_LITERAL_NULL_CONVERSION = YES;
				CLANG_WARN_OBJC_IMPLICIT_RETAIN_SELF = YES;
				CLANG_WARN_OBJC_LITERAL_CONVERSION = YES;
				CLANG_WARN_OBJC_ROOT_CLASS = YES_ERROR;
				CLANG_WARN_QUOTED_INCLUDE_IN_FRAMEWORK_HEADER = YES;
				CLANG_WARN_RANGE_LOOP_ANALYSIS = YES;
				CLANG_WARN_STRICT_PROTOTYPES = YES;
				CLANG_WARN_SUSPICIOUS_MOVE = YES;
				CLANG_WARN_UNGUARDED_AVAILABILITY = YES_AGGRESSIVE;
				CLANG_WARN_UNREACHABLE_CODE = YES;
				CLANG_WARN__DUPLICATE_METHOD_MATCH = YES;
				COPY_PHASE_STRIP = NO;
				DEBUG_INFORMATION_FORMAT = "dwarf-with-dsym";
				ENABLE_NS_ASSERTIONS = NO;
				ENABLE_STRICT_OBJC_MSGSEND = YES;
				GCC_C_LANGUAGE_STANDARD = gnu11;
				GCC_NO_COMMON_BLOCKS = YES;
				GCC_WARN_64_TO_32_BIT_CONVERSION = YES;
				GCC_WARN_ABOUT_RETURN_TYPE = YES_ERROR;
				GCC_WARN_UNDECLARED_SELECTOR = YES;
				GCC_WARN_UNINITIALIZED_AUTOS = YES_AGGRESSIVE;
				GCC_WARN_UNUSED_FUNCTION = YES;
				GCC_WARN_UNUSED_VARIABLE = YES;
				IPHONEOS_DEPLOYMENT_TARGET = 16.0;
				MTL_ENABLE_DEBUG_INFO = NO;
				MTL_FAST_MATH = YES;
				SDKROOT = iphoneos;
				SWIFT_COMPILATION_MODE = wholemodule;
				SWIFT_OPTIMIZATION_LEVEL = "-O";
				VALIDATE_PRODUCT = YES;
			};
			name = Release;
		};
		F4A7E1462900F86E00B8AA2F /* Debug */ = {
			isa = XCBuildConfiguration;
			baseConfigurationReference = 0111144DB3A2345F64747640 /* Pods-tea.debug.xcconfig */;
			buildSettings = {
				ASSETCATALOG_COMPILER_APPICON_NAME = AppIcon;
				ASSETCATALOG_COMPILER_GLOBAL_ACCENT_COLOR_NAME = AccentColor;
				CODE_SIGN_STYLE = Automatic;
				CURRENT_PROJECT_VERSION = 1;
				DEVELOPMENT_ASSET_PATHS = "\"tea/Preview Content\"";
				ENABLE_PREVIEWS = YES;
				GENERATE_INFOPLIST_FILE = YES;
				INFOPLIST_KEY_UIApplicationSceneManifest_Generation = YES;
				INFOPLIST_KEY_UIApplicationSupportsIndirectInputEvents = YES;
				INFOPLIST_KEY_UILaunchScreen_Generation = YES;
				INFOPLIST_KEY_UISupportedInterfaceOrientations_iPad = "UIInterfaceOrientationPortrait UIInterfaceOrientationPortraitUpsideDown UIInterfaceOrientationLandscapeLeft UIInterfaceOrientationLandscapeRight";
				INFOPLIST_KEY_UISupportedInterfaceOrientations_iPhone = "UIInterfaceOrientationPortrait UIInterfaceOrientationLandscapeLeft UIInterfaceOrientationLandscapeRight";
				LD_RUNPATH_SEARCH_PATHS = (
					"$(inherited)",
					"@executable_path/Frameworks",
				);
				MARKETING_VERSION = 1.0;
				PRODUCT_BUNDLE_IDENTIFIER = moe.tea;
				PRODUCT_NAME = "$(TARGET_NAME)";
				SWIFT_EMIT_LOC_STRINGS = YES;
				SWIFT_VERSION = 5.0;
				TARGETED_DEVICE_FAMILY = "1,2";
			};
			name = Debug;
		};
		F4A7E1472900F86E00B8AA2F /* Release */ = {
			isa = XCBuildConfiguration;
			baseConfigurationReference = C2E8C27B13364C7834B158CB /* Pods-tea.release.xcconfig */;
			buildSettings = {
				ASSETCATALOG_COMPILER_APPICON_NAME = AppIcon;
				ASSETCATALOG_COMPILER_GLOBAL_ACCENT_COLOR_NAME = AccentColor;
				CODE_SIGN_STYLE = Automatic;
				CURRENT_PROJECT_VERSION = 1;
				DEVELOPMENT_ASSET_PATHS = "\"tea/Preview Content\"";
				ENABLE_PREVIEWS = YES;
				GENERATE_INFOPLIST_FILE = YES;
				INFOPLIST_KEY_UIApplicationSceneManifest_Generation = YES;
				INFOPLIST_KEY_UIApplicationSupportsIndirectInputEvents = YES;
				INFOPLIST_KEY_UILaunchScreen_Generation = YES;
				INFOPLIST_KEY_UISupportedInterfaceOrientations_iPad = "UIInterfaceOrientationPortrait UIInterfaceOrientationPortraitUpsideDown UIInterfaceOrientationLandscapeLeft UIInterfaceOrientationLandscapeRight";
				INFOPLIST_KEY_UISupportedInterfaceOrientations_iPhone = "UIInterfaceOrientationPortrait UIInterfaceOrientationLandscapeLeft UIInterfaceOrientationLandscapeRight";
				LD_RUNPATH_SEARCH_PATHS = (
					"$(inherited)",
					"@executable_path/Frameworks",
				);
				MARKETING_VERSION = 1.0;
				PRODUCT_BUNDLE_IDENTIFIER = moe.tea;
				PRODUCT_NAME = "$(TARGET_NAME)";
				SWIFT_EMIT_LOC_STRINGS = YES;
				SWIFT_VERSION = 5.0;
				TARGETED_DEVICE_FAMILY = "1,2";
			};
			name = Release;
		};
/* End XCBuildConfiguration section */

/* Begin XCConfigurationList section */
		F4A7E1322900F86A00B8AA2F /* Build configuration list for PBXProject "tea" */ = {
			isa = XCConfigurationList;
			buildConfigurations = (
				F4A7E1432900F86E00B8AA2F /* Debug */,
				F4A7E1442900F86E00B8AA2F /* Release */,
			);
			defaultConfigurationIsVisible = 0;
			defaultConfigurationName = Release;
		};
		F4A7E1452900F86E00B8AA2F /* Build configuration list for PBXNativeTarget "tea" */ = {
			isa = XCConfigurationList;
			buildConfigurations = (
				F4A7E1462900F86E00B8AA2F /* Debug */,
				F4A7E1472900F86E00B8AA2F /* Release */,
			);
			defaultConfigurationIsVisible = 0;
			defaultConfigurationName = Release;
		};
/* End XCConfigurationList section */

/* Begin XCRemoteSwiftPackageReference section */
		F47DA4E02901B8A7009EE4FE /* XCRemoteSwiftPackageReference "swift-collections" */ = {
			isa = XCRemoteSwiftPackageReference;
			repositoryURL = "https://github.com/apple/swift-collections.git";
			requirement = {
				kind = upToNextMajorVersion;
				minimumVersion = 1.0.0;
			};
		};
/* End XCRemoteSwiftPackageReference section */

/* Begin XCSwiftPackageProductDependency section */
		F47DA4E12901B8A7009EE4FE /* Collections */ = {
			isa = XCSwiftPackageProductDependency;
			package = F47DA4E02901B8A7009EE4FE /* XCRemoteSwiftPackageReference "swift-collections" */;
			productName = Collections;
		};
		F47DA4E32901B8A7009EE4FE /* OrderedCollections */ = {
			isa = XCSwiftPackageProductDependency;
			package = F47DA4E02901B8A7009EE4FE /* XCRemoteSwiftPackageReference "swift-collections" */;
			productName = OrderedCollections;
		};
/* End XCSwiftPackageProductDependency section */
	};
	rootObject = F4A7E12F2900F86A00B8AA2F /* Project object */;
}
